// !$*UTF8*$!
{
	archiveVersion = 1;
	classes = {
	};
	objectVersion = 48;
	objects = {

/* Begin PBXBuildFile section */
		B06125D11FBF05A000199C18 /* musicPlayerControl.swift in Sources */ = {isa = PBXBuildFile; fileRef = B06125D01FBF05A000199C18 /* musicPlayerControl.swift */; };
		B06125D31FC0459600199C18 /* musicDataManager.swift in Sources */ = {isa = PBXBuildFile; fileRef = B06125D21FC0459600199C18 /* musicDataManager.swift */; };
		B0BD874C1FA3610100AC0848 /* AppDelegate.swift in Sources */ = {isa = PBXBuildFile; fileRef = B0BD874B1FA3610100AC0848 /* AppDelegate.swift */; };
		B0BD874E1FA3610100AC0848 /* ViewController.swift in Sources */ = {isa = PBXBuildFile; fileRef = B0BD874D1FA3610100AC0848 /* ViewController.swift */; };
		B0BD87511FA3610100AC0848 /* Main.storyboard in Resources */ = {isa = PBXBuildFile; fileRef = B0BD874F1FA3610100AC0848 /* Main.storyboard */; };
		B0BD87531FA3610100AC0848 /* Assets.xcassets in Resources */ = {isa = PBXBuildFile; fileRef = B0BD87521FA3610100AC0848 /* Assets.xcassets */; };
		B0BD87561FA3610100AC0848 /* LaunchScreen.storyboard in Resources */ = {isa = PBXBuildFile; fileRef = B0BD87541FA3610100AC0848 /* LaunchScreen.storyboard */; };
		B0BD87681FA384C000AC0848 /* volumeButton.swift in Sources */ = {isa = PBXBuildFile; fileRef = B0BD87671FA384C000AC0848 /* volumeButton.swift */; };
		B0BD876C1FA5152000AC0848 /* AudioToolbox.framework in Frameworks */ = {isa = PBXBuildFile; fileRef = B0BD876B1FA5152000AC0848 /* AudioToolbox.framework */; };
		B0BD87721FA6681200AC0848 /* MusicLibraryController.swift in Sources */ = {isa = PBXBuildFile; fileRef = B0BD87711FA6681200AC0848 /* MusicLibraryController.swift */; };
		B0FBEA76215E481400C7722D /* MusicPlayer_iOSTests.swift in Sources */ = {isa = PBXBuildFile; fileRef = B0FBEA75215E481400C7722D /* MusicPlayer_iOSTests.swift */; };
/* End PBXBuildFile section */

/* Begin PBXContainerItemProxy section */
		B0FBEA78215E481400C7722D /* PBXContainerItemProxy */ = {
			isa = PBXContainerItemProxy;
			containerPortal = B0BD87401FA3610100AC0848 /* Project object */;
			proxyType = 1;
			remoteGlobalIDString = B0BD87471FA3610100AC0848;
			remoteInfo = MusicPlayer_iOS;
		};
/* End PBXContainerItemProxy section */

/* Begin PBXFileReference section */
		B06125D01FBF05A000199C18 /* musicPlayerControl.swift */ = {isa = PBXFileReference; lastKnownFileType = sourcecode.swift; path = musicPlayerControl.swift; sourceTree = "<group>"; };
		B06125D21FC0459600199C18 /* musicDataManager.swift */ = {isa = PBXFileReference; lastKnownFileType = sourcecode.swift; path = musicDataManager.swift; sourceTree = "<group>"; };
		B0BD87481FA3610100AC0848 /* MusicPlayer_iOS.app */ = {isa = PBXFileReference; explicitFileType = wrapper.application; includeInIndex = 0; path = MusicPlayer_iOS.app; sourceTree = BUILT_PRODUCTS_DIR; };
		B0BD874B1FA3610100AC0848 /* AppDelegate.swift */ = {isa = PBXFileReference; lastKnownFileType = sourcecode.swift; path = AppDelegate.swift; sourceTree = "<group>"; };
		B0BD874D1FA3610100AC0848 /* ViewController.swift */ = {isa = PBXFileReference; lastKnownFileType = sourcecode.swift; path = ViewController.swift; sourceTree = "<group>"; };
		B0BD87501FA3610100AC0848 /* Base */ = {isa = PBXFileReference; lastKnownFileType = file.storyboard; name = Base; path = Base.lproj/Main.storyboard; sourceTree = "<group>"; };
		B0BD87521FA3610100AC0848 /* Assets.xcassets */ = {isa = PBXFileReference; lastKnownFileType = folder.assetcatalog; path = Assets.xcassets; sourceTree = "<group>"; };
		B0BD87551FA3610100AC0848 /* Base */ = {isa = PBXFileReference; lastKnownFileType = file.storyboard; name = Base; path = Base.lproj/LaunchScreen.storyboard; sourceTree = "<group>"; };
		B0BD87571FA3610100AC0848 /* Info.plist */ = {isa = PBXFileReference; lastKnownFileType = text.plist.xml; path = Info.plist; sourceTree = "<group>"; };
		B0BD87671FA384C000AC0848 /* volumeButton.swift */ = {isa = PBXFileReference; lastKnownFileType = sourcecode.swift; path = volumeButton.swift; sourceTree = "<group>"; };
		B0BD87691FA5152000AC0848 /* MusicPlayer_iOS.entitlements */ = {isa = PBXFileReference; lastKnownFileType = text.plist.entitlements; path = MusicPlayer_iOS.entitlements; sourceTree = "<group>"; };
		B0BD876B1FA5152000AC0848 /* AudioToolbox.framework */ = {isa = PBXFileReference; lastKnownFileType = wrapper.framework; name = AudioToolbox.framework; path = System/Library/Frameworks/AudioToolbox.framework; sourceTree = SDKROOT; };
		B0BD87711FA6681200AC0848 /* MusicLibraryController.swift */ = {isa = PBXFileReference; lastKnownFileType = sourcecode.swift; path = MusicLibraryController.swift; sourceTree = "<group>"; };
		B0FBEA73215E481400C7722D /* MusicPlayer_iOSTests.xctest */ = {isa = PBXFileReference; explicitFileType = wrapper.cfbundle; includeInIndex = 0; path = MusicPlayer_iOSTests.xctest; sourceTree = BUILT_PRODUCTS_DIR; };
		B0FBEA75215E481400C7722D /* MusicPlayer_iOSTests.swift */ = {isa = PBXFileReference; lastKnownFileType = sourcecode.swift; path = MusicPlayer_iOSTests.swift; sourceTree = "<group>"; };
		B0FBEA77215E481400C7722D /* Info.plist */ = {isa = PBXFileReference; lastKnownFileType = text.plist.xml; path = Info.plist; sourceTree = "<group>"; };
/* End PBXFileReference section */

/* Begin PBXFrameworksBuildPhase section */
		B0BD87451FA3610100AC0848 /* Frameworks */ = {
			isa = PBXFrameworksBuildPhase;
			buildActionMask = 2147483647;
			files = (
				B0BD876C1FA5152000AC0848 /* AudioToolbox.framework in Frameworks */,
			);
			runOnlyForDeploymentPostprocessing = 0;
		};
		B0FBEA70215E481400C7722D /* Frameworks */ = {
			isa = PBXFrameworksBuildPhase;
			buildActionMask = 2147483647;
			files = (
			);
			runOnlyForDeploymentPostprocessing = 0;
		};
/* End PBXFrameworksBuildPhase section */

/* Begin PBXGroup section */
		B0BD873F1FA3610100AC0848 = {
			isa = PBXGroup;
			children = (
				B0BD874A1FA3610100AC0848 /* MusicPlayer_iOS */,
				B0FBEA74215E481400C7722D /* MusicPlayer_iOSTests */,
				B0BD87491FA3610100AC0848 /* Products */,
				B0BD876A1FA5152000AC0848 /* Frameworks */,
			);
			sourceTree = "<group>";
		};
		B0BD87491FA3610100AC0848 /* Products */ = {
			isa = PBXGroup;
			children = (
				B0BD87481FA3610100AC0848 /* MusicPlayer_iOS.app */,
				B0FBEA73215E481400C7722D /* MusicPlayer_iOSTests.xctest */,
			);
			name = Products;
			sourceTree = "<group>";
		};
		B0BD874A1FA3610100AC0848 /* MusicPlayer_iOS */ = {
			isa = PBXGroup;
			children = (
				B0BD87691FA5152000AC0848 /* MusicPlayer_iOS.entitlements */,
				B0BD874B1FA3610100AC0848 /* AppDelegate.swift */,
				B0BD874D1FA3610100AC0848 /* ViewController.swift */,
				B06125D01FBF05A000199C18 /* musicPlayerControl.swift */,
				B06125D21FC0459600199C18 /* musicDataManager.swift */,
				B0BD87711FA6681200AC0848 /* MusicLibraryController.swift */,
				B0BD87671FA384C000AC0848 /* volumeButton.swift */,
				B0BD874F1FA3610100AC0848 /* Main.storyboard */,
				B0BD87521FA3610100AC0848 /* Assets.xcassets */,
				B0BD87541FA3610100AC0848 /* LaunchScreen.storyboard */,
				B0BD87571FA3610100AC0848 /* Info.plist */,
			);
			path = MusicPlayer_iOS;
			sourceTree = "<group>";
		};
		B0BD876A1FA5152000AC0848 /* Frameworks */ = {
			isa = PBXGroup;
			children = (
				B0BD876B1FA5152000AC0848 /* AudioToolbox.framework */,
			);
			name = Frameworks;
			sourceTree = "<group>";
		};
		B0FBEA74215E481400C7722D /* MusicPlayer_iOSTests */ = {
			isa = PBXGroup;
			children = (
				B0FBEA75215E481400C7722D /* MusicPlayer_iOSTests.swift */,
				B0FBEA77215E481400C7722D /* Info.plist */,
			);
			path = MusicPlayer_iOSTests;
			sourceTree = "<group>";
		};
/* End PBXGroup section */

/* Begin PBXNativeTarget section */
		B0BD87471FA3610100AC0848 /* MusicPlayer_iOS */ = {
			isa = PBXNativeTarget;
			buildConfigurationList = B0BD875A1FA3610100AC0848 /* Build configuration list for PBXNativeTarget "MusicPlayer_iOS" */;
			buildPhases = (
				B0BD87441FA3610100AC0848 /* Sources */,
				B0BD87451FA3610100AC0848 /* Frameworks */,
				B0BD87461FA3610100AC0848 /* Resources */,
			);
			buildRules = (
			);
			dependencies = (
			);
			name = MusicPlayer_iOS;
			productName = MusicPlayer_iOS;
			productReference = B0BD87481FA3610100AC0848 /* MusicPlayer_iOS.app */;
			productType = "com.apple.product-type.application";
		};
		B0FBEA72215E481400C7722D /* MusicPlayer_iOSTests */ = {
			isa = PBXNativeTarget;
			buildConfigurationList = B0FBEA7A215E481500C7722D /* Build configuration list for PBXNativeTarget "MusicPlayer_iOSTests" */;
			buildPhases = (
				B0FBEA6F215E481400C7722D /* Sources */,
				B0FBEA70215E481400C7722D /* Frameworks */,
				B0FBEA71215E481400C7722D /* Resources */,
			);
			buildRules = (
			);
			dependencies = (
				B0FBEA79215E481400C7722D /* PBXTargetDependency */,
			);
			name = MusicPlayer_iOSTests;
			productName = MusicPlayer_iOSTests;
			productReference = B0FBEA73215E481400C7722D /* MusicPlayer_iOSTests.xctest */;
			productType = "com.apple.product-type.bundle.unit-test";
		};
/* End PBXNativeTarget section */

/* Begin PBXProject section */
		B0BD87401FA3610100AC0848 /* Project object */ = {
			isa = PBXProject;
			attributes = {
				LastSwiftUpdateCheck = 1000;
				LastUpgradeCheck = 0940;
				ORGANIZATIONNAME = "Lobler Ádám";
				TargetAttributes = {
					B0BD87471FA3610100AC0848 = {
						CreatedOnToolsVersion = 9.0.1;
						LastSwiftMigration = 1000;
						ProvisioningStyle = Automatic;
						SystemCapabilities = {
							com.apple.InterAppAudio = {
								enabled = 1;
							};
						};
					};
					B0FBEA72215E481400C7722D = {
						CreatedOnToolsVersion = 10.0;
						ProvisioningStyle = Automatic;
						TestTargetID = B0BD87471FA3610100AC0848;
					};
				};
			};
			buildConfigurationList = B0BD87431FA3610100AC0848 /* Build configuration list for PBXProject "MusicPlayer_iOS" */;
			compatibilityVersion = "Xcode 8.0";
			developmentRegion = en;
			hasScannedForEncodings = 0;
			knownRegions = (
				en,
				Base,
			);
			mainGroup = B0BD873F1FA3610100AC0848;
			productRefGroup = B0BD87491FA3610100AC0848 /* Products */;
			projectDirPath = "";
			projectRoot = "";
			targets = (
				B0BD87471FA3610100AC0848 /* MusicPlayer_iOS */,
				B0FBEA72215E481400C7722D /* MusicPlayer_iOSTests */,
			);
		};
/* End PBXProject section */

/* Begin PBXResourcesBuildPhase section */
		B0BD87461FA3610100AC0848 /* Resources */ = {
			isa = PBXResourcesBuildPhase;
			buildActionMask = 2147483647;
			files = (
				B0BD87561FA3610100AC0848 /* LaunchScreen.storyboard in Resources */,
				B0BD87531FA3610100AC0848 /* Assets.xcassets in Resources */,
				B0BD87511FA3610100AC0848 /* Main.storyboard in Resources */,
			);
			runOnlyForDeploymentPostprocessing = 0;
		};
		B0FBEA71215E481400C7722D /* Resources */ = {
			isa = PBXResourcesBuildPhase;
			buildActionMask = 2147483647;
			files = (
			);
			runOnlyForDeploymentPostprocessing = 0;
		};
/* End PBXResourcesBuildPhase section */

/* Begin PBXSourcesBuildPhase section */
		B0BD87441FA3610100AC0848 /* Sources */ = {
			isa = PBXSourcesBuildPhase;
			buildActionMask = 2147483647;
			files = (
				B0BD874E1FA3610100AC0848 /* ViewController.swift in Sources */,
				B06125D31FC0459600199C18 /* musicDataManager.swift in Sources */,
				B0BD87681FA384C000AC0848 /* volumeButton.swift in Sources */,
				B06125D11FBF05A000199C18 /* musicPlayerControl.swift in Sources */,
				B0BD874C1FA3610100AC0848 /* AppDelegate.swift in Sources */,
				B0BD87721FA6681200AC0848 /* MusicLibraryController.swift in Sources */,
			);
			runOnlyForDeploymentPostprocessing = 0;
		};
		B0FBEA6F215E481400C7722D /* Sources */ = {
			isa = PBXSourcesBuildPhase;
			buildActionMask = 2147483647;
			files = (
				B0FBEA76215E481400C7722D /* MusicPlayer_iOSTests.swift in Sources */,
			);
			runOnlyForDeploymentPostprocessing = 0;
		};
/* End PBXSourcesBuildPhase section */

/* Begin PBXTargetDependency section */
		B0FBEA79215E481400C7722D /* PBXTargetDependency */ = {
			isa = PBXTargetDependency;
			target = B0BD87471FA3610100AC0848 /* MusicPlayer_iOS */;
			targetProxy = B0FBEA78215E481400C7722D /* PBXContainerItemProxy */;
		};
/* End PBXTargetDependency section */

/* Begin PBXVariantGroup section */
		B0BD874F1FA3610100AC0848 /* Main.storyboard */ = {
			isa = PBXVariantGroup;
			children = (
				B0BD87501FA3610100AC0848 /* Base */,
			);
			name = Main.storyboard;
			sourceTree = "<group>";
		};
		B0BD87541FA3610100AC0848 /* LaunchScreen.storyboard */ = {
			isa = PBXVariantGroup;
			children = (
				B0BD87551FA3610100AC0848 /* Base */,
			);
			name = LaunchScreen.storyboard;
			sourceTree = "<group>";
		};
/* End PBXVariantGroup section */

/* Begin XCBuildConfiguration section */
		B0BD87581FA3610100AC0848 /* Debug */ = {
			isa = XCBuildConfiguration;
			buildSettings = {
				ALWAYS_SEARCH_USER_PATHS = NO;
				CLANG_ANALYZER_NONNULL = YES;
				CLANG_ANALYZER_NUMBER_OBJECT_CONVERSION = YES_AGGRESSIVE;
				CLANG_CXX_LANGUAGE_STANDARD = "gnu++14";
				CLANG_CXX_LIBRARY = "libc++";
				CLANG_ENABLE_MODULES = YES;
				CLANG_ENABLE_OBJC_ARC = YES;
				CLANG_WARN_BLOCK_CAPTURE_AUTORELEASING = YES;
				CLANG_WARN_BOOL_CONVERSION = YES;
				CLANG_WARN_COMMA = YES;
				CLANG_WARN_CONSTANT_CONVERSION = YES;
				CLANG_WARN_DEPRECATED_OBJC_IMPLEMENTATIONS = YES;
				CLANG_WARN_DIRECT_OBJC_ISA_USAGE = YES_ERROR;
				CLANG_WARN_DOCUMENTATION_COMMENTS = YES;
				CLANG_WARN_EMPTY_BODY = YES;
				CLANG_WARN_ENUM_CONVERSION = YES;
				CLANG_WARN_INFINITE_RECURSION = YES;
				CLANG_WARN_INT_CONVERSION = YES;
				CLANG_WARN_NON_LITERAL_NULL_CONVERSION = YES;
				CLANG_WARN_OBJC_IMPLICIT_RETAIN_SELF = YES;
				CLANG_WARN_OBJC_LITERAL_CONVERSION = YES;
				CLANG_WARN_OBJC_ROOT_CLASS = YES_ERROR;
				CLANG_WARN_RANGE_LOOP_ANALYSIS = YES;
				CLANG_WARN_STRICT_PROTOTYPES = YES;
				CLANG_WARN_SUSPICIOUS_MOVE = YES;
				CLANG_WARN_UNGUARDED_AVAILABILITY = YES_AGGRESSIVE;
				CLANG_WARN_UNREACHABLE_CODE = YES;
				CLANG_WARN__DUPLICATE_METHOD_MATCH = YES;
				CODE_SIGN_IDENTITY = "iPhone Developer";
				COPY_PHASE_STRIP = NO;
				DEBUG_INFORMATION_FORMAT = dwarf;
				ENABLE_STRICT_OBJC_MSGSEND = YES;
				ENABLE_TESTABILITY = YES;
				GCC_C_LANGUAGE_STANDARD = gnu11;
				GCC_DYNAMIC_NO_PIC = NO;
				GCC_NO_COMMON_BLOCKS = YES;
				GCC_OPTIMIZATION_LEVEL = 0;
				GCC_PREPROCESSOR_DEFINITIONS = (
					"DEBUG=1",
					"$(inherited)",
				);
				GCC_WARN_64_TO_32_BIT_CONVERSION = YES;
				GCC_WARN_ABOUT_RETURN_TYPE = YES_ERROR;
				GCC_WARN_UNDECLARED_SELECTOR = YES;
				GCC_WARN_UNINITIALIZED_AUTOS = YES_AGGRESSIVE;
				GCC_WARN_UNUSED_FUNCTION = YES;
				GCC_WARN_UNUSED_VARIABLE = YES;
				IPHONEOS_DEPLOYMENT_TARGET = 11.0;
				MTL_ENABLE_DEBUG_INFO = YES;
				ONLY_ACTIVE_ARCH = YES;
				SDKROOT = iphoneos;
				SWIFT_ACTIVE_COMPILATION_CONDITIONS = DEBUG;
				SWIFT_OPTIMIZATION_LEVEL = "-Onone";
			};
			name = Debug;
		};
		B0BD87591FA3610100AC0848 /* Release */ = {
			isa = XCBuildConfiguration;
			buildSettings = {
				ALWAYS_SEARCH_USER_PATHS = NO;
				CLANG_ANALYZER_NONNULL = YES;
				CLANG_ANALYZER_NUMBER_OBJECT_CONVERSION = YES_AGGRESSIVE;
				CLANG_CXX_LANGUAGE_STANDARD = "gnu++14";
				CLANG_CXX_LIBRARY = "libc++";
				CLANG_ENABLE_MODULES = YES;
				CLANG_ENABLE_OBJC_ARC = YES;
				CLANG_WARN_BLOCK_CAPTURE_AUTORELEASING = YES;
				CLANG_WARN_BOOL_CONVERSION = YES;
				CLANG_WARN_COMMA = YES;
				CLANG_WARN_CONSTANT_CONVERSION = YES;
				CLANG_WARN_DEPRECATED_OBJC_IMPLEMENTATIONS = YES;
				CLANG_WARN_DIRECT_OBJC_ISA_USAGE = YES_ERROR;
				CLANG_WARN_DOCUMENTATION_COMMENTS = YES;
				CLANG_WARN_EMPTY_BODY = YES;
				CLANG_WARN_ENUM_CONVERSION = YES;
				CLANG_WARN_INFINITE_RECURSION = YES;
				CLANG_WARN_INT_CONVERSION = YES;
				CLANG_WARN_NON_LITERAL_NULL_CONVERSION = YES;
				CLANG_WARN_OBJC_IMPLICIT_RETAIN_SELF = YES;
				CLANG_WARN_OBJC_LITERAL_CONVERSION = YES;
				CLANG_WARN_OBJC_ROOT_CLASS = YES_ERROR;
				CLANG_WARN_RANGE_LOOP_ANALYSIS = YES;
				CLANG_WARN_STRICT_PROTOTYPES = YES;
				CLANG_WARN_SUSPICIOUS_MOVE = YES;
				CLANG_WARN_UNGUARDED_AVAILABILITY = YES_AGGRESSIVE;
				CLANG_WARN_UNREACHABLE_CODE = YES;
				CLANG_WARN__DUPLICATE_METHOD_MATCH = YES;
				CODE_SIGN_IDENTITY = "iPhone Developer";
				COPY_PHASE_STRIP = NO;
				DEBUG_INFORMATION_FORMAT = "dwarf-with-dsym";
				ENABLE_NS_ASSERTIONS = NO;
				ENABLE_STRICT_OBJC_MSGSEND = YES;
				GCC_C_LANGUAGE_STANDARD = gnu11;
				GCC_NO_COMMON_BLOCKS = YES;
				GCC_WARN_64_TO_32_BIT_CONVERSION = YES;
				GCC_WARN_ABOUT_RETURN_TYPE = YES_ERROR;
				GCC_WARN_UNDECLARED_SELECTOR = YES;
				GCC_WARN_UNINITIALIZED_AUTOS = YES_AGGRESSIVE;
				GCC_WARN_UNUSED_FUNCTION = YES;
				GCC_WARN_UNUSED_VARIABLE = YES;
				IPHONEOS_DEPLOYMENT_TARGET = 11.0;
				MTL_ENABLE_DEBUG_INFO = NO;
				SDKROOT = iphoneos;
				SWIFT_OPTIMIZATION_LEVEL = "-Owholemodule";
				VALIDATE_PRODUCT = YES;
			};
			name = Release;
		};
		B0BD875B1FA3610100AC0848 /* Debug */ = {
			isa = XCBuildConfiguration;
			buildSettings = {
				ASSETCATALOG_COMPILER_APPICON_NAME = AppIcon;
				CLANG_ENABLE_MODULES = YES;
				CODE_SIGN_ENTITLEMENTS = MusicPlayer_iOS/MusicPlayer_iOS.entitlements;
				CODE_SIGN_STYLE = Automatic;
				DEVELOPMENT_TEAM = 593QWUBF5T;
				INFOPLIST_FILE = MusicPlayer_iOS/Info.plist;
				LD_RUNPATH_SEARCH_PATHS = "$(inherited) @executable_path/Frameworks";
				PRODUCT_BUNDLE_IDENTIFIER = "Lobler.MusicPlayer-iOS";
				PRODUCT_NAME = "$(TARGET_NAME)";
				SWIFT_OPTIMIZATION_LEVEL = "-Onone";
				SWIFT_VERSION = 4.0;
				TARGETED_DEVICE_FAMILY = "1,2";
			};
			name = Debug;
		};
		B0BD875C1FA3610100AC0848 /* Release */ = {
			isa = XCBuildConfiguration;
			buildSettings = {
				ASSETCATALOG_COMPILER_APPICON_NAME = AppIcon;
				CLANG_ENABLE_MODULES = YES;
				CODE_SIGN_ENTITLEMENTS = MusicPlayer_iOS/MusicPlayer_iOS.entitlements;
				CODE_SIGN_STYLE = Automatic;
				DEVELOPMENT_TEAM = 593QWUBF5T;
				INFOPLIST_FILE = MusicPlayer_iOS/Info.plist;
				LD_RUNPATH_SEARCH_PATHS = "$(inherited) @executable_path/Frameworks";
				PRODUCT_BUNDLE_IDENTIFIER = "Lobler.MusicPlayer-iOS";
				PRODUCT_NAME = "$(TARGET_NAME)";
				SWIFT_VERSION = 4.0;
				TARGETED_DEVICE_FAMILY = "1,2";
			};
			name = Release;
		};
		B0FBEA7B215E481500C7722D /* Debug */ = {
			isa = XCBuildConfiguration;
			buildSettings = {
				BUNDLE_LOADER = "$(TEST_HOST)";
				CLANG_ENABLE_OBJC_WEAK = YES;
				CODE_SIGN_STYLE = Automatic;
				INFOPLIST_FILE = MusicPlayer_iOSTests/Info.plist;
				IPHONEOS_DEPLOYMENT_TARGET = 12.0;
				LD_RUNPATH_SEARCH_PATHS = "$(inherited) @executable_path/Frameworks @loader_path/Frameworks";
				MTL_ENABLE_DEBUG_INFO = INCLUDE_SOURCE;
				MTL_FAST_MATH = YES;
				PRODUCT_BUNDLE_IDENTIFIER = "bme.MusicPlayer-iOSTests";
				PRODUCT_NAME = "$(TARGET_NAME)";
				SWIFT_VERSION = 4.2;
				TARGETED_DEVICE_FAMILY = "1,2";
				TEST_HOST = "$(BUILT_PRODUCTS_DIR)/MusicPlayer_iOS.app/MusicPlayer_iOS";
			};
			name = Debug;
		};
		B0FBEA7C215E481500C7722D /* Release */ = {
			isa = XCBuildConfiguration;
			buildSettings = {
				BUNDLE_LOADER = "$(TEST_HOST)";
				CLANG_ENABLE_OBJC_WEAK = YES;
				CODE_SIGN_STYLE = Automatic;
				INFOPLIST_FILE = MusicPlayer_iOSTests/Info.plist;
				IPHONEOS_DEPLOYMENT_TARGET = 12.0;
				LD_RUNPATH_SEARCH_PATHS = "$(inherited) @executable_path/Frameworks @loader_path/Frameworks";
				MTL_FAST_MATH = YES;
				PRODUCT_BUNDLE_IDENTIFIER = "bme.MusicPlayer-iOSTests";
				PRODUCT_NAME = "$(TARGET_NAME)";
				SWIFT_VERSION = 4.2;
				TARGETED_DEVICE_FAMILY = "1,2";
				TEST_HOST = "$(BUILT_PRODUCTS_DIR)/MusicPlayer_iOS.app/MusicPlayer_iOS";
			};
			name = Release;
		};
/* End XCBuildConfiguration section */

/* Begin XCConfigurationList section */
		B0BD87431FA3610100AC0848 /* Build configuration list for PBXProject "MusicPlayer_iOS" */ = {
			isa = XCConfigurationList;
			buildConfigurations = (
				B0BD87581FA3610100AC0848 /* Debug */,
				B0BD87591FA3610100AC0848 /* Release */,
			);
			defaultConfigurationIsVisible = 0;
			defaultConfigurationName = Release;
		};
		B0BD875A1FA3610100AC0848 /* Build configuration list for PBXNativeTarget "MusicPlayer_iOS" */ = {
			isa = XCConfigurationList;
			buildConfigurations = (
				B0BD875B1FA3610100AC0848 /* Debug */,
				B0BD875C1FA3610100AC0848 /* Release */,
			);
			defaultConfigurationIsVisible = 0;
			defaultConfigurationName = Release;
		};
		B0FBEA7A215E481500C7722D /* Build configuration list for PBXNativeTarget "MusicPlayer_iOSTests" */ = {
			isa = XCConfigurationList;
			buildConfigurations = (
				B0FBEA7B215E481500C7722D /* Debug */,
				B0FBEA7C215E481500C7722D /* Release */,
			);
			defaultConfigurationIsVisible = 0;
			defaultConfigurationName = Release;
		};
/* End XCConfigurationList section */
	};
	rootObject = B0BD87401FA3610100AC0848 /* Project object */;
}
